{
  "version": 2,
  "dependencies": {
    "net10.0": {
      "Fsrs.Sharp": {
        "type": "Direct",
        "requested": "[2.0.0, )",
        "resolved": "2.0.0",
        "contentHash": "FrJF8Lx8uXRJSptnik1fPYDUUX4SbaF0RDcKCb2JSTIj6hn7Aj5Es5D3EH4sbCpMJJuw3FSoup9hnP59VFGgfg=="
      },
      "LateApexEarlySpeed.Nullability.Generic": {
        "type": "Transitive",
        "resolved": "1.0.4",
        "contentHash": "JJJBW/Q4VreMt8NmOR6nXmhuidJgdivQmW3i1JrcK0Er5L34W0aJs47sV9Nn1Q5fEA3I0e4AB5RNzzqIh50CKQ=="
      },
      "Microsoft.Extensions.Configuration": {
        "type": "Transitive",
        "resolved": "3.1.0",
        "contentHash": "Lu41BWNmwhKr6LgyQvcYBOge0pPvmiaK8R5UHXX4//wBhonJyWcT2OK1mqYfEM5G7pTf31fPrpIHOT6sN7EGOA==",
        "dependencies": {
          "Microsoft.Extensions.Configuration.Abstractions": "3.1.0"
        }
      },
      "Microsoft.Extensions.Configuration.Abstractions": {
        "type": "Transitive",
        "resolved": "3.1.0",
        "contentHash": "ESz6bVoDQX7sgWdKHF6G9Pq672T8k+19AFb/txDXwdz7MoqaNQj2/in3agm/3qae9V+WvQZH86LLTNVo0it8vQ==",
        "dependencies": {
          "Microsoft.Extensions.Primitives": "3.1.0"
        }
      },
      "Microsoft.Extensions.Configuration.Binder": {
        "type": "Transitive",
        "resolved": "3.1.0",
        "contentHash": "o9eELDBfNkR7sUtYysFZ1Q7BQ1mYt27DMkups/3vu7xgPyOpMD+iAfrBZFzUXT2iw0fmFb8s1gfNBZS+IgjKdQ==",
        "dependencies": {
          "Microsoft.Extensions.Configuration": "3.1.0"
        }
      },
      "Microsoft.Extensions.DependencyInjection": {
        "type": "Transitive",
        "resolved": "3.1.0",
        "contentHash": "KVkv3aF2MQpmGFRh4xRx2CNbc2sjDFk+lH4ySrjWSOS+XoY1Xc+sJphw3N0iYOpoeCCq8976ceVYDH8sdx2qIQ==",
        "dependencies": {
          "Microsoft.Extensions.DependencyInjection.Abstractions": "3.1.0"
        }
      },
      "Microsoft.Extensions.DependencyInjection.Abstractions": {
        "type": "Transitive",
        "resolved": "3.1.0",
        "contentHash": "44rDtOf1JXXAFpNT2EXMExaDm/4OJ2RXOL9i9lE4bK427nzC7Exphv+beB6IgluyE2GIoo8zezTStMXI7MQ8WA=="
      },
      "Microsoft.Extensions.Http": {
        "type": "Transitive",
        "resolved": "3.1.0",
        "contentHash": "DLigdcV0nYaT6/ly0rnfP80BnXq8NNd/h8/SkfY39uio7Bd9LauVntp6RcRh1Kj23N+uf80GgL7Win6P3BCtoQ==",
        "dependencies": {
          "Microsoft.Extensions.DependencyInjection.Abstractions": "3.1.0",
          "Microsoft.Extensions.Logging": "3.1.0",
          "Microsoft.Extensions.Options": "3.1.0"
        }
      },
      "Microsoft.Extensions.Logging": {
        "type": "Transitive",
        "resolved": "3.1.0",
        "contentHash": "P+8sKQ8L4ooL79sxxqwFPxGGC3aBrUDLB/dZqhs4J0XjTyrkeeyJQ4D4nzJB6OnAhy78HIIgQ/RbD6upOXLynw==",
        "dependencies": {
          "Microsoft.Extensions.Configuration.Binder": "3.1.0",
          "Microsoft.Extensions.DependencyInjection": "3.1.0",
          "Microsoft.Extensions.Logging.Abstractions": "3.1.0",
          "Microsoft.Extensions.Options": "3.1.0"
        }
      },
      "Microsoft.Extensions.Logging.Abstractions": {
        "type": "Transitive",
        "resolved": "3.1.0",
        "contentHash": "jjo4YXRx6MIpv6DiRxJjSpl+sPP0+5VW0clMEdLyIAz44PPwrDTFrd5PZckIxIXl1kKZ2KK6IL2nkt0+ug2MQg=="
      },
      "Microsoft.Extensions.Options": {
        "type": "Transitive",
        "resolved": "3.1.0",
        "contentHash": "9b6JHY7TAXrSfZ6EEGf+j8XnqKIiMPErfmaNXhJYSCb+BUW2H4RtzkNJvwLJzwgzqBP0wtTjyA6Uw4BPPdmkMw==",
        "dependencies": {
          "Microsoft.Extensions.DependencyInjection.Abstractions": "3.1.0",
          "Microsoft.Extensions.Primitives": "3.1.0"
        }
      },
      "Microsoft.Extensions.Primitives": {
        "type": "Transitive",
        "resolved": "3.1.0",
        "contentHash": "LEKAnX7lhUhSoIc2XraCTK3M4IU/LdVUzCe464Sa4+7F4ZJuXHHRzZli2mDbiT4xzAZhgqXbvfnb5+CNDcQFfg=="
      },
      "ascent.content": {
        "type": "Project",
        "dependencies": {
          "LateApexEarlySpeed.Json.Schema": "[4.2.0, )",
          "Markdig": "[1.4.0, )",
          "YamlDotNet": "[18.1.0, )"
        }
      },
      "ascent.core": {
        "type": "Project",
        "dependencies": {
          "Ascent.Content": "[1.0.0, )"
        }
      },
      "ascent.sealing": {
        "type": "Project",
        "dependencies": {
          "Ascent.Core": "[1.0.0, )"
        }
      },
      "LateApexEarlySpeed.Json.Schema": {
        "type": "CentralTransitive",
        "requested": "[4.2.0, )",
        "resolved": "4.2.0",
        "contentHash": "wxJkGi1OWV5FM7vAC/J0Ny68GHPTW6XZJOytLdyrSxcFQQkvTe6qKj/ulRNOfGBioSaWZQMs8VpwkHObXDwU5g==",
        "dependencies": {
          "LateApexEarlySpeed.Nullability.Generic": "1.0.4",
          "Microsoft.Extensions.Http": "3.1.0"
        }
      },
      "Markdig": {
        "type": "CentralTransitive",
        "requested": "[1.4.0, )",
        "resolved": "1.4.0",
        "contentHash": "lLhaiI/mNDTNzgLqnmknhf4LjgTqOAyjx5+GNz0X3AxYMxUhmFppF2WVMdER+SDqwhE5wUF1pzs/cuLwFxs7xA=="
      },
      "YamlDotNet": {
        "type": "CentralTransitive",
        "requested": "[18.1.0, )",
        "resolved": "18.1.0",
        "contentHash": "5K+9KFg2TdTl7VXv88Qzi/0lqK6JFoNP3lRuImPYGRV7K/QYklDyTrj4+A+KAki1JsQi6qKY+hDyY7d6WRqjrw=="
      }
    }
  }
}