<Solution>
  <Folder Name="/engine/" />
  <Folder Name="/engine/src/">
    <Project Path="engine/src/Ascent.Assessment/Ascent.Assessment.csproj" />
    <Project Path="engine/src/Ascent.Cli/Ascent.Cli.csproj" />
    <Project Path="engine/src/Ascent.Content/Ascent.Content.csproj" />
    <Project Path="engine/src/Ascent.Core/Ascent.Core.csproj" />
    <Project Path="engine/src/Ascent.Deliverables/Ascent.Deliverables.csproj" />
    <Project Path="engine/src/Ascent.Integrations/Ascent.Integrations.csproj" />
    <Project Path="engine/src/Ascent.Labs/Ascent.Labs.csproj" />
    <Project Path="engine/src/Ascent.Sealing/Ascent.Sealing.csproj" />
    <Project Path="engine/src/Ascent.Storage/Ascent.Storage.csproj" />
  </Folder>
  <Folder Name="/engine/tests/">
    <Project Path="engine/tests/Ascent.Cli.Tests/Ascent.Cli.Tests.csproj" />
    <Project Path="engine/tests/Ascent.Content.Tests/Ascent.Content.Tests.csproj" />
    <Project Path="engine/tests/Ascent.Engine.Tests/Ascent.Engine.Tests.csproj" />
    <Project Path="engine/tests/Ascent.Maintainer.Tests/Ascent.Maintainer.Tests.csproj" />
  </Folder>
  <Folder Name="/engine/tools/">
    <Project Path="engine/tools/Ascent.Maintainer/Ascent.Maintainer.csproj" />
  </Folder>
</Solution>
